--- 
dependencies: 
  system_timer: 
    group: 
    - :default
    version: ">= 0"
  usher: 
    group: 
    - :default
    version: ">= 0"
  newrelic_rpm: 
    group: 
    - :default
    version: ">= 0"
    require: []

  uuid: 
    group: 
    - :default
    version: ">= 0"
  memcachedb-client: 
    group: 
    - :default
    version: = 0.0.2
  carrot: 
    group: 
    - :default
    version: ">= 0"
  exceptional: 
    group: 
    - :default
    version: ">= 0"
  rainbows: 
    group: 
    - :default
    version: ">= 0"
  rack-test: 
    group: 
    - :default
    version: ">= 0"
  builder: 
    group: 
    - :default
    version: ">= 0"
  validatable: 
    group: 
    - :default
    version: ">= 0"
  cramp: 
    group: 
    - :default
    version: ">= 0"
  nokogiri: 
    group: 
    - :default
    version: ">= 0"
specs: 
- nokogiri: 
    version: 1.4.1
- validatable: 
    version: 1.6.7
- builder: 
    version: 2.1.2
- i18n: 
    version: 0.3.5
- arel: 
    version: 0.2.1
- mysqlplus: 
    version: 0.1.1
- exceptional: 
    version: 2.0.11
- eventmachine: 
    version: 0.12.10
- activemodel: 
    version: 3.0.0.beta
- carrot: 
    version: 0.7.0
- unicorn: 
    version: 0.97.0
- rainbows: 
    version: 0.91.0
- memcachedb-client: 
    version: 0.0.2
- fuzzyhash: 
    version: 0.0.11
- newrelic_rpm: 
    version: 2.10.6
- macaddr: 
    version: 1.0.0
- uuid: 
    version: 2.2.0
- memcache-client: 
    version: 1.7.8
- rack: 
    version: 1.1.0
- rack-test: 
    version: 0.5.5
    source: 0
- system_timer: 
    version: "1.0"
- usher: 
    version: 0.7.0
- tzinfo: 
    version: 0.3.17
- activesupport: 
    version: 3.0.0.beta
- cramp: 
    version: "0.10"
hash: f0cfcdf6e69e980c983ee1d49fc7353e358c6430
sources: 
- Git: 
    uri: git://github.com/juggy/rack-test.git
    git: git://github.com/juggy/rack-test.git
    ref: 4e56dd0ee64a94cb1a8c4e232a475f4e338b44c7
- Rubygems: 
    uri: http://gemcutter.org
