--- 
dependencies: 
  system_timer: 
    group: 
    - :default
    version: ">= 0"
  rails: 
    group: 
    - :default
    version: ~> 2.3.5
    require: []

  bolide_client: 
    group: 
    - :default
    version: ">= 0"
  mysql: 
    group: 
    - :default
    version: ">= 0"
  uuid: 
    group: 
    - :default
    version: ">= 0"
  memcachedb-client: 
    group: 
    - :default
    version: = 0.0.2
  unicorn: 
    group: 
    - :default
    version: ">= 0"
  carrot: 
    group: 
    - :default
    version: = 0.7.0
  rack: 
    group: 
    - :default
    version: ">= 1.0.0"
  builder: 
    group: 
    - :default
    version: ">= 0"
  validatable: 
    group: 
    - :default
    version: ">= 0"
  nokogiri: 
    group: 
    - :default
    version: ">= 0"
specs: 
- nokogiri: 
    version: 1.4.1
- activesupport: 
    version: 2.3.5
- validatable: 
    version: 1.6.7
- builder: 
    version: 2.1.2
- actionmailer: 
    version: 2.3.5
- patron: 
    version: 0.4.5
- rack: 
    version: 1.0.1
- actionpack: 
    version: 2.3.5
- carrot: 
    version: 0.7.0
- unicorn: 
    version: 0.97.0
- memcachedb-client: 
    version: 0.0.2
- macaddr: 
    version: 1.0.0
- uuid: 
    version: 2.2.0
- rake: 
    version: 0.8.7
- mysql: 
    version: 2.8.1
- bolide_client: 
    version: 0.0.2
- system_timer: 
    version: "1.0"
- activerecord: 
    version: 2.3.5
- activeresource: 
    version: 2.3.5
- rails: 
    version: 2.3.5
hash: 45a3755c6dc21e5befb093d7f0407c9e40462696
sources: 
- Rubygems: 
    uri: http://gemcutter.org
